
Microsoft Visual Studio Solution File, Format Version 12.00
# Visual Studio Version 17
VisualStudioVersion = 17.0.31903.59
MinimumVisualStudioVersion = 10.0.40219.1
Project("{FAE04EC0-301F-11D3-BF4B-00C04F79EFBC}") = "ETS2LA.Backend", "ETS2LA.Backend\ETS2LA.Backend.csproj", "{90BF55BA-238A-46E9-9F17-2BDFAA31AA76}"
EndProject
Project("{FAE04EC0-301F-11D3-BF4B-00C04F79EFBC}") = "ETS2LA.Shared", "ETS2LA.Shared\ETS2LA.Shared.csproj", "{9CC1FCD2-8E28-407C-BEC7-84ACED909591}"
EndProject
Project("{2150E333-8FDC-42A3-9474-1A3956D46DE8}") = "Plugins", "Plugins", "{07D57EEB-2F50-60C4-C011-FE4FA775C9A8}"
EndProject
Project("{FAE04EC0-301F-11D3-BF4B-00C04F79EFBC}") = "ExampleProvider", "Plugins\ExampleProvider\ExampleProvider.csproj", "{812983F1-8664-4D5A-A867-065449197A43}"
EndProject
Project("{FAE04EC0-301F-11D3-BF4B-00C04F79EFBC}") = "ExampleConsumer", "Plugins\ExampleConsumer\ExampleConsumer.csproj", "{6F922918-A4ED-4B70-989C-7A493F439FEB}"
EndProject
Project("{FAE04EC0-301F-11D3-BF4B-00C04F79EFBC}") = "ETS2LA.Settings", "ETS2LA.Settings\ETS2LA.Settings.csproj", "{C3749A82-8B2B-4585-BEC3-39B7D6185963}"
EndProject
Project("{FAE04EC0-301F-11D3-BF4B-00C04F79EFBC}") = "ETS2LA.Logging", "ETS2LA.Logging\ETS2LA.Logging.csproj", "{1D676DB8-2CC2-4DE5-BE97-3AD96DF15283}"
EndProject
Project("{FAE04EC0-301F-11D3-BF4B-00C04F79EFBC}") = "GameTelemetry", "Plugins\GameTelemetry\GameTelemetry.csproj", "{2E7F1A1D-2ECE-43C7-AA78-378B2B5CCD90}"
EndProject
Project("{FAE04EC0-301F-11D3-BF4B-00C04F79EFBC}") = "ETS2LA.UI", "ETS2LA.UI\ETS2LA.UI.csproj", "{D7A364DD-3DE1-4C71-A3C5-19D3D7D54C9D}"
EndProject
Project("{FAE04EC0-301F-11D3-BF4B-00C04F79EFBC}") = "ETS2LASDK", "Plugins\ETS2LASDK\ETS2LASDK.csproj", "{91906DF9-21B0-4AE2-253F-019E3726C2B0}"
EndProject
Project("{FAE04EC0-301F-11D3-BF4B-00C04F79EFBC}") = "ControlsSDK", "Plugins\ControlsSDK\ControlsSDK.csproj", "{0B3882CA-F6D9-4B67-B8DA-3BC22464C9D3}"
EndProject
Global
	GlobalSection(SolutionConfigurationPlatforms) = preSolution
		Debug|Any CPU = Debug|Any CPU
		Debug|x64 = Debug|x64
		Debug|x86 = Debug|x86
		Release|Any CPU = Release|Any CPU
		Release|x64 = Release|x64
		Release|x86 = Release|x86
	EndGlobalSection
	GlobalSection(ProjectConfigurationPlatforms) = postSolution
		{90BF55BA-238A-46E9-9F17-2BDFAA31AA76}.Debug|Any CPU.ActiveCfg = Debug|Any CPU
		{90BF55BA-238A-46E9-9F17-2BDFAA31AA76}.Debug|Any CPU.Build.0 = Debug|Any CPU
		{90BF55BA-238A-46E9-9F17-2BDFAA31AA76}.Debug|x64.ActiveCfg = Debug|Any CPU
		{90BF55BA-238A-46E9-9F17-2BDFAA31AA76}.Debug|x64.Build.0 = Debug|Any CPU
		{90BF55BA-238A-46E9-9F17-2BDFAA31AA76}.Debug|x86.ActiveCfg = Debug|Any CPU
		{90BF55BA-238A-46E9-9F17-2BDFAA31AA76}.Debug|x86.Build.0 = Debug|Any CPU
		{90BF55BA-238A-46E9-9F17-2BDFAA31AA76}.Release|Any CPU.ActiveCfg = Release|Any CPU
		{90BF55BA-238A-46E9-9F17-2BDFAA31AA76}.Release|Any CPU.Build.0 = Release|Any CPU
		{90BF55BA-238A-46E9-9F17-2BDFAA31AA76}.Release|x64.ActiveCfg = Release|Any CPU
		{90BF55BA-238A-46E9-9F17-2BDFAA31AA76}.Release|x64.Build.0 = Release|Any CPU
		{90BF55BA-238A-46E9-9F17-2BDFAA31AA76}.Release|x86.ActiveCfg = Release|Any CPU
		{90BF55BA-238A-46E9-9F17-2BDFAA31AA76}.Release|x86.Build.0 = Release|Any CPU
		{9CC1FCD2-8E28-407C-BEC7-84ACED909591}.Debug|Any CPU.ActiveCfg = Debug|Any CPU
		{9CC1FCD2-8E28-407C-BEC7-84ACED909591}.Debug|Any CPU.Build.0 = Debug|Any CPU
		{9CC1FCD2-8E28-407C-BEC7-84ACED909591}.Debug|x64.ActiveCfg = Debug|Any CPU
		{9CC1FCD2-8E28-407C-BEC7-84ACED909591}.Debug|x64.Build.0 = Debug|Any CPU
		{9CC1FCD2-8E28-407C-BEC7-84ACED909591}.Debug|x86.ActiveCfg = Debug|Any CPU
		{9CC1FCD2-8E28-407C-BEC7-84ACED909591}.Debug|x86.Build.0 = Debug|Any CPU
		{9CC1FCD2-8E28-407C-BEC7-84ACED909591}.Release|Any CPU.ActiveCfg = Release|Any CPU
		{9CC1FCD2-8E28-407C-BEC7-84ACED909591}.Release|Any CPU.Build.0 = Release|Any CPU
		{9CC1FCD2-8E28-407C-BEC7-84ACED909591}.Release|x64.ActiveCfg = Release|Any CPU
		{9CC1FCD2-8E28-407C-BEC7-84ACED909591}.Release|x64.Build.0 = Release|Any CPU
		{9CC1FCD2-8E28-407C-BEC7-84ACED909591}.Release|x86.ActiveCfg = Release|Any CPU
		{9CC1FCD2-8E28-407C-BEC7-84ACED909591}.Release|x86.Build.0 = Release|Any CPU
		{812983F1-8664-4D5A-A867-065449197A43}.Debug|Any CPU.ActiveCfg = Debug|Any CPU
		{812983F1-8664-4D5A-A867-065449197A43}.Debug|Any CPU.Build.0 = Debug|Any CPU
		{812983F1-8664-4D5A-A867-065449197A43}.Debug|x64.ActiveCfg = Debug|Any CPU
		{812983F1-8664-4D5A-A867-065449197A43}.Debug|x64.Build.0 = Debug|Any CPU
		{812983F1-8664-4D5A-A867-065449197A43}.Debug|x86.ActiveCfg = Debug|Any CPU
		{812983F1-8664-4D5A-A867-065449197A43}.Debug|x86.Build.0 = Debug|Any CPU
		{812983F1-8664-4D5A-A867-065449197A43}.Release|Any CPU.ActiveCfg = Release|Any CPU
		{812983F1-8664-4D5A-A867-065449197A43}.Release|Any CPU.Build.0 = Release|Any CPU
		{812983F1-8664-4D5A-A867-065449197A43}.Release|x64.ActiveCfg = Release|Any CPU
		{812983F1-8664-4D5A-A867-065449197A43}.Release|x64.Build.0 = Release|Any CPU
		{812983F1-8664-4D5A-A867-065449197A43}.Release|x86.ActiveCfg = Release|Any CPU
		{812983F1-8664-4D5A-A867-065449197A43}.Release|x86.Build.0 = Release|Any CPU
		{6F922918-A4ED-4B70-989C-7A493F439FEB}.Debug|Any CPU.ActiveCfg = Debug|Any CPU
		{6F922918-A4ED-4B70-989C-7A493F439FEB}.Debug|Any CPU.Build.0 = Debug|Any CPU
		{6F922918-A4ED-4B70-989C-7A493F439FEB}.Debug|x64.ActiveCfg = Debug|Any CPU
		{6F922918-A4ED-4B70-989C-7A493F439FEB}.Debug|x64.Build.0 = Debug|Any CPU
		{6F922918-A4ED-4B70-989C-7A493F439FEB}.Debug|x86.ActiveCfg = Debug|Any CPU
		{6F922918-A4ED-4B70-989C-7A493F439FEB}.Debug|x86.Build.0 = Debug|Any CPU
		{6F922918-A4ED-4B70-989C-7A493F439FEB}.Release|Any CPU.ActiveCfg = Release|Any CPU
		{6F922918-A4ED-4B70-989C-7A493F439FEB}.Release|Any CPU.Build.0 = Release|Any CPU
		{6F922918-A4ED-4B70-989C-7A493F439FEB}.Release|x64.ActiveCfg = Release|Any CPU
		{6F922918-A4ED-4B70-989C-7A493F439FEB}.Release|x64.Build.0 = Release|Any CPU
		{6F922918-A4ED-4B70-989C-7A493F439FEB}.Release|x86.ActiveCfg = Release|Any CPU
		{6F922918-A4ED-4B70-989C-7A493F439FEB}.Release|x86.Build.0 = Release|Any CPU
		{C3749A82-8B2B-4585-BEC3-39B7D6185963}.Debug|Any CPU.ActiveCfg = Debug|Any CPU
		{C3749A82-8B2B-4585-BEC3-39B7D6185963}.Debug|Any CPU.Build.0 = Debug|Any CPU
		{C3749A82-8B2B-4585-BEC3-39B7D6185963}.Debug|x64.ActiveCfg = Debug|Any CPU
		{C3749A82-8B2B-4585-BEC3-39B7D6185963}.Debug|x64.Build.0 = Debug|Any CPU
		{C3749A82-8B2B-4585-BEC3-39B7D6185963}.Debug|x86.ActiveCfg = Debug|Any CPU
		{C3749A82-8B2B-4585-BEC3-39B7D6185963}.Debug|x86.Build.0 = Debug|Any CPU
		{C3749A82-8B2B-4585-BEC3-39B7D6185963}.Release|Any CPU.ActiveCfg = Release|Any CPU
		{C3749A82-8B2B-4585-BEC3-39B7D6185963}.Release|Any CPU.Build.0 = Release|Any CPU
		{C3749A82-8B2B-4585-BEC3-39B7D6185963}.Release|x64.ActiveCfg = Release|Any CPU
		{C3749A82-8B2B-4585-BEC3-39B7D6185963}.Release|x64.Build.0 = Release|Any CPU
		{C3749A82-8B2B-4585-BEC3-39B7D6185963}.Release|x86.ActiveCfg = Release|Any CPU
		{C3749A82-8B2B-4585-BEC3-39B7D6185963}.Release|x86.Build.0 = Release|Any CPU
		{1D676DB8-2CC2-4DE5-BE97-3AD96DF15283}.Debug|Any CPU.ActiveCfg = Debug|Any CPU
		{1D676DB8-2CC2-4DE5-BE97-3AD96DF15283}.Debug|Any CPU.Build.0 = Debug|Any CPU
		{1D676DB8-2CC2-4DE5-BE97-3AD96DF15283}.Debug|x64.ActiveCfg = Debug|Any CPU
		{1D676DB8-2CC2-4DE5-BE97-3AD96DF15283}.Debug|x64.Build.0 = Debug|Any CPU
		{1D676DB8-2CC2-4DE5-BE97-3AD96DF15283}.Debug|x86.ActiveCfg = Debug|Any CPU
		{1D676DB8-2CC2-4DE5-BE97-3AD96DF15283}.Debug|x86.Build.0 = Debug|Any CPU
		{1D676DB8-2CC2-4DE5-BE97-3AD96DF15283}.Release|Any CPU.ActiveCfg = Release|Any CPU
		{1D676DB8-2CC2-4DE5-BE97-3AD96DF15283}.Release|Any CPU.Build.0 = Release|Any CPU
		{1D676DB8-2CC2-4DE5-BE97-3AD96DF15283}.Release|x64.ActiveCfg = Release|Any CPU
		{1D676DB8-2CC2-4DE5-BE97-3AD96DF15283}.Release|x64.Build.0 = Release|Any CPU
		{1D676DB8-2CC2-4DE5-BE97-3AD96DF15283}.Release|x86.ActiveCfg = Release|Any CPU
		{1D676DB8-2CC2-4DE5-BE97-3AD96DF15283}.Release|x86.Build.0 = Release|Any CPU
		{2E7F1A1D-2ECE-43C7-AA78-378B2B5CCD90}.Debug|Any CPU.ActiveCfg = Debug|Any CPU
		{2E7F1A1D-2ECE-43C7-AA78-378B2B5CCD90}.Debug|Any CPU.Build.0 = Debug|Any CPU
		{2E7F1A1D-2ECE-43C7-AA78-378B2B5CCD90}.Debug|x64.ActiveCfg = Debug|Any CPU
		{2E7F1A1D-2ECE-43C7-AA78-378B2B5CCD90}.Debug|x64.Build.0 = Debug|Any CPU
		{2E7F1A1D-2ECE-43C7-AA78-378B2B5CCD90}.Debug|x86.ActiveCfg = Debug|Any CPU
		{2E7F1A1D-2ECE-43C7-AA78-378B2B5CCD90}.Debug|x86.Build.0 = Debug|Any CPU
		{2E7F1A1D-2ECE-43C7-AA78-378B2B5CCD90}.Release|Any CPU.ActiveCfg = Release|Any CPU
		{2E7F1A1D-2ECE-43C7-AA78-378B2B5CCD90}.Release|Any CPU.Build.0 = Release|Any CPU
		{2E7F1A1D-2ECE-43C7-AA78-378B2B5CCD90}.Release|x64.ActiveCfg = Release|Any CPU
		{2E7F1A1D-2ECE-43C7-AA78-378B2B5CCD90}.Release|x64.Build.0 = Release|Any CPU
		{2E7F1A1D-2ECE-43C7-AA78-378B2B5CCD90}.Release|x86.ActiveCfg = Release|Any CPU
		{2E7F1A1D-2ECE-43C7-AA78-378B2B5CCD90}.Release|x86.Build.0 = Release|Any CPU
		{D7A364DD-3DE1-4C71-A3C5-19D3D7D54C9D}.Debug|Any CPU.ActiveCfg = Debug|Any CPU
		{D7A364DD-3DE1-4C71-A3C5-19D3D7D54C9D}.Debug|Any CPU.Build.0 = Debug|Any CPU
		{D7A364DD-3DE1-4C71-A3C5-19D3D7D54C9D}.Debug|x64.ActiveCfg = Debug|Any CPU
		{D7A364DD-3DE1-4C71-A3C5-19D3D7D54C9D}.Debug|x64.Build.0 = Debug|Any CPU
		{D7A364DD-3DE1-4C71-A3C5-19D3D7D54C9D}.Debug|x86.ActiveCfg = Debug|Any CPU
		{D7A364DD-3DE1-4C71-A3C5-19D3D7D54C9D}.Debug|x86.Build.0 = Debug|Any CPU
		{D7A364DD-3DE1-4C71-A3C5-19D3D7D54C9D}.Release|Any CPU.ActiveCfg = Release|Any CPU
		{D7A364DD-3DE1-4C71-A3C5-19D3D7D54C9D}.Release|Any CPU.Build.0 = Release|Any CPU
		{D7A364DD-3DE1-4C71-A3C5-19D3D7D54C9D}.Release|x64.ActiveCfg = Release|Any CPU
		{D7A364DD-3DE1-4C71-A3C5-19D3D7D54C9D}.Release|x64.Build.0 = Release|Any CPU
		{D7A364DD-3DE1-4C71-A3C5-19D3D7D54C9D}.Release|x86.ActiveCfg = Release|Any CPU
		{D7A364DD-3DE1-4C71-A3C5-19D3D7D54C9D}.Release|x86.Build.0 = Release|Any CPU
		{91906DF9-21B0-4AE2-253F-019E3726C2B0}.Debug|Any CPU.ActiveCfg = Debug|Any CPU
		{91906DF9-21B0-4AE2-253F-019E3726C2B0}.Debug|Any CPU.Build.0 = Debug|Any CPU
		{91906DF9-21B0-4AE2-253F-019E3726C2B0}.Debug|x64.ActiveCfg = Debug|Any CPU
		{91906DF9-21B0-4AE2-253F-019E3726C2B0}.Debug|x64.Build.0 = Debug|Any CPU
		{91906DF9-21B0-4AE2-253F-019E3726C2B0}.Debug|x86.ActiveCfg = Debug|Any CPU
		{91906DF9-21B0-4AE2-253F-019E3726C2B0}.Debug|x86.Build.0 = Debug|Any CPU
		{91906DF9-21B0-4AE2-253F-019E3726C2B0}.Release|Any CPU.ActiveCfg = Release|Any CPU
		{91906DF9-21B0-4AE2-253F-019E3726C2B0}.Release|Any CPU.Build.0 = Release|Any CPU
		{91906DF9-21B0-4AE2-253F-019E3726C2B0}.Release|x64.ActiveCfg = Release|Any CPU
		{91906DF9-21B0-4AE2-253F-019E3726C2B0}.Release|x64.Build.0 = Release|Any CPU
		{91906DF9-21B0-4AE2-253F-019E3726C2B0}.Release|x86.ActiveCfg = Release|Any CPU
		{91906DF9-21B0-4AE2-253F-019E3726C2B0}.Release|x86.Build.0 = Release|Any CPU
		{0B3882CA-F6D9-4B67-B8DA-3BC22464C9D3}.Debug|Any CPU.ActiveCfg = Debug|Any CPU
		{0B3882CA-F6D9-4B67-B8DA-3BC22464C9D3}.Debug|Any CPU.Build.0 = Debug|Any CPU
		{0B3882CA-F6D9-4B67-B8DA-3BC22464C9D3}.Debug|x64.ActiveCfg = Debug|Any CPU
		{0B3882CA-F6D9-4B67-B8DA-3BC22464C9D3}.Debug|x64.Build.0 = Debug|Any CPU
		{0B3882CA-F6D9-4B67-B8DA-3BC22464C9D3}.Debug|x86.ActiveCfg = Debug|Any CPU
		{0B3882CA-F6D9-4B67-B8DA-3BC22464C9D3}.Debug|x86.Build.0 = Debug|Any CPU
		{0B3882CA-F6D9-4B67-B8DA-3BC22464C9D3}.Release|Any CPU.ActiveCfg = Release|Any CPU
		{0B3882CA-F6D9-4B67-B8DA-3BC22464C9D3}.Release|Any CPU.Build.0 = Release|Any CPU
		{0B3882CA-F6D9-4B67-B8DA-3BC22464C9D3}.Release|x64.ActiveCfg = Release|Any CPU
		{0B3882CA-F6D9-4B67-B8DA-3BC22464C9D3}.Release|x64.Build.0 = Release|Any CPU
		{0B3882CA-F6D9-4B67-B8DA-3BC22464C9D3}.Release|x86.ActiveCfg = Release|Any CPU
		{0B3882CA-F6D9-4B67-B8DA-3BC22464C9D3}.Release|x86.Build.0 = Release|Any CPU
	EndGlobalSection
	GlobalSection(SolutionProperties) = preSolution
		HideSolutionNode = FALSE
	EndGlobalSection
	GlobalSection(NestedProjects) = preSolution
		{812983F1-8664-4D5A-A867-065449197A43} = {07D57EEB-2F50-60C4-C011-FE4FA775C9A8}
		{6F922918-A4ED-4B70-989C-7A493F439FEB} = {07D57EEB-2F50-60C4-C011-FE4FA775C9A8}
		{2E7F1A1D-2ECE-43C7-AA78-378B2B5CCD90} = {07D57EEB-2F50-60C4-C011-FE4FA775C9A8}
		{91906DF9-21B0-4AE2-253F-019E3726C2B0} = {07D57EEB-2F50-60C4-C011-FE4FA775C9A8}
		{0B3882CA-F6D9-4B67-B8DA-3BC22464C9D3} = {07D57EEB-2F50-60C4-C011-FE4FA775C9A8}
	EndGlobalSection
EndGlobal
